
Microsoft Visual Studio Solution File, Format Version 12.00
# Visual Studio Version 17
VisualStudioVersion = 17.0.31903.59
MinimumVisualStudioVersion = 10.0.40219.1
Project("{2150E333-8FDC-42A3-9474-1A3956D46DE8}") = "src", "src", "{827E0CD3-B72D-47B6-A68D-7590B98EB39B}"
EndProject
Project("{FAE04EC0-301F-11D3-BF4B-00C04F79EFBC}") = "NetForge.Core", "src\NetForge.Core\NetForge.Core.csproj", "{82EC7C57-1AD0-423F-A84D-CBAB7FBC48DF}"
EndProject
Project("{FAE04EC0-301F-11D3-BF4B-00C04F79EFBC}") = "NetForge.Domain", "src\NetForge.Domain\NetForge.Domain.csproj", "{B2E450EE-D8DD-4BF9-8FF0-0549BC0716E6}"
EndProject
Project("{FAE04EC0-301F-11D3-BF4B-00C04F79EFBC}") = "NetForge.Features", "src\NetForge.Features\NetForge.Features.csproj", "{CFDB61E3-D567-41CB-8ED7-9F9D170BBB41}"
EndProject
Project("{FAE04EC0-301F-11D3-BF4B-00C04F79EFBC}") = "NetForge.Infrastructure", "src\NetForge.Infrastructure\NetForge.Infrastructure.csproj", "{9C5C7873-92F2-4A37-9316-28FDADE6A4A1}"
EndProject
Project("{FAE04EC0-301F-11D3-BF4B-00C04F79EFBC}") = "NetForge.Presentation.Api", "src\NetForge.Presentation.Api\NetForge.Presentation.Api.csproj", "{3FC1F570-83C6-43DE-AE99-7A42C5A6A868}"
EndProject
Project("{FAE04EC0-301F-11D3-BF4B-00C04F79EFBC}") = "NetForge.Tests.Core", "src\NetForge.Tests.Core\NetForge.Tests.Core.csproj", "{D346F584-666E-4C79-A576-F747A395BF46}"
EndProject
Global
	GlobalSection(SolutionConfigurationPlatforms) = preSolution
		Debug|Any CPU = Debug|Any CPU
		Debug|x64 = Debug|x64
		Debug|x86 = Debug|x86
		Release|Any CPU = Release|Any CPU
		Release|x64 = Release|x64
		Release|x86 = Release|x86
	EndGlobalSection
	GlobalSection(ProjectConfigurationPlatforms) = postSolution
		{82EC7C57-1AD0-423F-A84D-CBAB7FBC48DF}.Debug|Any CPU.ActiveCfg = Debug|Any CPU
		{82EC7C57-1AD0-423F-A84D-CBAB7FBC48DF}.Debug|Any CPU.Build.0 = Debug|Any CPU
		{82EC7C57-1AD0-423F-A84D-CBAB7FBC48DF}.Debug|x64.ActiveCfg = Debug|Any CPU
		{82EC7C57-1AD0-423F-A84D-CBAB7FBC48DF}.Debug|x64.Build.0 = Debug|Any CPU
		{82EC7C57-1AD0-423F-A84D-CBAB7FBC48DF}.Debug|x86.ActiveCfg = Debug|Any CPU
		{82EC7C57-1AD0-423F-A84D-CBAB7FBC48DF}.Debug|x86.Build.0 = Debug|Any CPU
		{82EC7C57-1AD0-423F-A84D-CBAB7FBC48DF}.Release|Any CPU.ActiveCfg = Release|Any CPU
		{82EC7C57-1AD0-423F-A84D-CBAB7FBC48DF}.Release|Any CPU.Build.0 = Release|Any CPU
		{82EC7C57-1AD0-423F-A84D-CBAB7FBC48DF}.Release|x64.ActiveCfg = Release|Any CPU
		{82EC7C57-1AD0-423F-A84D-CBAB7FBC48DF}.Release|x64.Build.0 = Release|Any CPU
		{82EC7C57-1AD0-423F-A84D-CBAB7FBC48DF}.Release|x86.ActiveCfg = Release|Any CPU
		{82EC7C57-1AD0-423F-A84D-CBAB7FBC48DF}.Release|x86.Build.0 = Release|Any CPU
		{B2E450EE-D8DD-4BF9-8FF0-0549BC0716E6}.Debug|Any CPU.ActiveCfg = Debug|Any CPU
		{B2E450EE-D8DD-4BF9-8FF0-0549BC0716E6}.Debug|Any CPU.Build.0 = Debug|Any CPU
		{B2E450EE-D8DD-4BF9-8FF0-0549BC0716E6}.Debug|x64.ActiveCfg = Debug|Any CPU
		{B2E450EE-D8DD-4BF9-8FF0-0549BC0716E6}.Debug|x64.Build.0 = Debug|Any CPU
		{B2E450EE-D8DD-4BF9-8FF0-0549BC0716E6}.Debug|x86.ActiveCfg = Debug|Any CPU
		{B2E450EE-D8DD-4BF9-8FF0-0549BC0716E6}.Debug|x86.Build.0 = Debug|Any CPU
		{B2E450EE-D8DD-4BF9-8FF0-0549BC0716E6}.Release|Any CPU.ActiveCfg = Release|Any CPU
		{B2E450EE-D8DD-4BF9-8FF0-0549BC0716E6}.Release|Any CPU.Build.0 = Release|Any CPU
		{B2E450EE-D8DD-4BF9-8FF0-0549BC0716E6}.Release|x64.ActiveCfg = Release|Any CPU
		{B2E450EE-D8DD-4BF9-8FF0-0549BC0716E6}.Release|x64.Build.0 = Release|Any CPU
		{B2E450EE-D8DD-4BF9-8FF0-0549BC0716E6}.Release|x86.ActiveCfg = Release|Any CPU
		{B2E450EE-D8DD-4BF9-8FF0-0549BC0716E6}.Release|x86.Build.0 = Release|Any CPU
		{CFDB61E3-D567-41CB-8ED7-9F9D170BBB41}.Debug|Any CPU.ActiveCfg = Debug|Any CPU
		{CFDB61E3-D567-41CB-8ED7-9F9D170BBB41}.Debug|Any CPU.Build.0 = Debug|Any CPU
		{CFDB61E3-D567-41CB-8ED7-9F9D170BBB41}.Debug|x64.ActiveCfg = Debug|Any CPU
		{CFDB61E3-D567-41CB-8ED7-9F9D170BBB41}.Debug|x64.Build.0 = Debug|Any CPU
		{CFDB61E3-D567-41CB-8ED7-9F9D170BBB41}.Debug|x86.ActiveCfg = Debug|Any CPU
		{CFDB61E3-D567-41CB-8ED7-9F9D170BBB41}.Debug|x86.Build.0 = Debug|Any CPU
		{CFDB61E3-D567-41CB-8ED7-9F9D170BBB41}.Release|Any CPU.ActiveCfg = Release|Any CPU
		{CFDB61E3-D567-41CB-8ED7-9F9D170BBB41}.Release|Any CPU.Build.0 = Release|Any CPU
		{CFDB61E3-D567-41CB-8ED7-9F9D170BBB41}.Release|x64.ActiveCfg = Release|Any CPU
		{CFDB61E3-D567-41CB-8ED7-9F9D170BBB41}.Release|x64.Build.0 = Release|Any CPU
		{CFDB61E3-D567-41CB-8ED7-9F9D170BBB41}.Release|x86.ActiveCfg = Release|Any CPU
		{CFDB61E3-D567-41CB-8ED7-9F9D170BBB41}.Release|x86.Build.0 = Release|Any CPU
		{9C5C7873-92F2-4A37-9316-28FDADE6A4A1}.Debug|Any CPU.ActiveCfg = Debug|Any CPU
		{9C5C7873-92F2-4A37-9316-28FDADE6A4A1}.Debug|Any CPU.Build.0 = Debug|Any CPU
		{9C5C7873-92F2-4A37-9316-28FDADE6A4A1}.Debug|x64.ActiveCfg = Debug|Any CPU
		{9C5C7873-92F2-4A37-9316-28FDADE6A4A1}.Debug|x64.Build.0 = Debug|Any CPU
		{9C5C7873-92F2-4A37-9316-28FDADE6A4A1}.Debug|x86.ActiveCfg = Debug|Any CPU
		{9C5C7873-92F2-4A37-9316-28FDADE6A4A1}.Debug|x86.Build.0 = Debug|Any CPU
		{9C5C7873-92F2-4A37-9316-28FDADE6A4A1}.Release|Any CPU.ActiveCfg = Release|Any CPU
		{9C5C7873-92F2-4A37-9316-28FDADE6A4A1}.Release|Any CPU.Build.0 = Release|Any CPU
		{9C5C7873-92F2-4A37-9316-28FDADE6A4A1}.Release|x64.ActiveCfg = Release|Any CPU
		{9C5C7873-92F2-4A37-9316-28FDADE6A4A1}.Release|x64.Build.0 = Release|Any CPU
		{9C5C7873-92F2-4A37-9316-28FDADE6A4A1}.Release|x86.ActiveCfg = Release|Any CPU
		{9C5C7873-92F2-4A37-9316-28FDADE6A4A1}.Release|x86.Build.0 = Release|Any CPU
		{3FC1F570-83C6-43DE-AE99-7A42C5A6A868}.Debug|Any CPU.ActiveCfg = Debug|Any CPU
		{3FC1F570-83C6-43DE-AE99-7A42C5A6A868}.Debug|Any CPU.Build.0 = Debug|Any CPU
		{3FC1F570-83C6-43DE-AE99-7A42C5A6A868}.Debug|x64.ActiveCfg = Debug|Any CPU
		{3FC1F570-83C6-43DE-AE99-7A42C5A6A868}.Debug|x64.Build.0 = Debug|Any CPU
		{3FC1F570-83C6-43DE-AE99-7A42C5A6A868}.Debug|x86.ActiveCfg = Debug|Any CPU
		{3FC1F570-83C6-43DE-AE99-7A42C5A6A868}.Debug|x86.Build.0 = Debug|Any CPU
		{3FC1F570-83C6-43DE-AE99-7A42C5A6A868}.Release|Any CPU.ActiveCfg = Release|Any CPU
		{3FC1F570-83C6-43DE-AE99-7A42C5A6A868}.Release|Any CPU.Build.0 = Release|Any CPU
		{3FC1F570-83C6-43DE-AE99-7A42C5A6A868}.Release|x64.ActiveCfg = Release|Any CPU
		{3FC1F570-83C6-43DE-AE99-7A42C5A6A868}.Release|x64.Build.0 = Release|Any CPU
		{3FC1F570-83C6-43DE-AE99-7A42C5A6A868}.Release|x86.ActiveCfg = Release|Any CPU
		{3FC1F570-83C6-43DE-AE99-7A42C5A6A868}.Release|x86.Build.0 = Release|Any CPU
		{D346F584-666E-4C79-A576-F747A395BF46}.Debug|Any CPU.ActiveCfg = Debug|Any CPU
		{D346F584-666E-4C79-A576-F747A395BF46}.Debug|Any CPU.Build.0 = Debug|Any CPU
		{D346F584-666E-4C79-A576-F747A395BF46}.Debug|x64.ActiveCfg = Debug|Any CPU
		{D346F584-666E-4C79-A576-F747A395BF46}.Debug|x64.Build.0 = Debug|Any CPU
		{D346F584-666E-4C79-A576-F747A395BF46}.Debug|x86.ActiveCfg = Debug|Any CPU
		{D346F584-666E-4C79-A576-F747A395BF46}.Debug|x86.Build.0 = Debug|Any CPU
		{D346F584-666E-4C79-A576-F747A395BF46}.Release|Any CPU.ActiveCfg = Release|Any CPU
		{D346F584-666E-4C79-A576-F747A395BF46}.Release|Any CPU.Build.0 = Release|Any CPU
		{D346F584-666E-4C79-A576-F747A395BF46}.Release|x64.ActiveCfg = Release|Any CPU
		{D346F584-666E-4C79-A576-F747A395BF46}.Release|x64.Build.0 = Release|Any CPU
		{D346F584-666E-4C79-A576-F747A395BF46}.Release|x86.ActiveCfg = Release|Any CPU
		{D346F584-666E-4C79-A576-F747A395BF46}.Release|x86.Build.0 = Release|Any CPU
	EndGlobalSection
	GlobalSection(SolutionProperties) = preSolution
		HideSolutionNode = FALSE
	EndGlobalSection
	GlobalSection(NestedProjects) = preSolution
		{82EC7C57-1AD0-423F-A84D-CBAB7FBC48DF} = {827E0CD3-B72D-47B6-A68D-7590B98EB39B}
		{B2E450EE-D8DD-4BF9-8FF0-0549BC0716E6} = {827E0CD3-B72D-47B6-A68D-7590B98EB39B}
		{CFDB61E3-D567-41CB-8ED7-9F9D170BBB41} = {827E0CD3-B72D-47B6-A68D-7590B98EB39B}
		{9C5C7873-92F2-4A37-9316-28FDADE6A4A1} = {827E0CD3-B72D-47B6-A68D-7590B98EB39B}
		{3FC1F570-83C6-43DE-AE99-7A42C5A6A868} = {827E0CD3-B72D-47B6-A68D-7590B98EB39B}
		{D346F584-666E-4C79-A576-F747A395BF46} = {827E0CD3-B72D-47B6-A68D-7590B98EB39B}
	EndGlobalSection
EndGlobal
